
Microsoft Visual Studio Solution File, Format Version 12.00
# Visual Studio Version 17
VisualStudioVersion = 17.11.35219.272
MinimumVisualStudioVersion = 10.0.40219.1
Project("{FAE04EC0-301F-11D3-BF4B-00C04F79EFBC}") = "github", "github.csproj", "{E00FA79A-DB7D-4B77-894C-056F6519CA93}"
EndProject
Global
	GlobalSection(SolutionConfigurationPlatforms) = preSolution
		Debug|Any CPU = Debug|Any CPU
		Release|Any CPU = Release|Any CPU
	EndGlobalSection
	GlobalSection(ProjectConfigurationPlatforms) = postSolution
		{E00FA79A-DB7D-4B77-894C-056F6519CA93}.Debug|Any CPU.ActiveCfg = Debug|Any CPU
		{E00FA79A-DB7D-4B77-894C-056F6519CA93}.Debug|Any CPU.Build.0 = Debug|Any CPU
		{E00FA79A-DB7D-4B77-894C-056F6519CA93}.Release|Any CPU.ActiveCfg = Release|Any CPU
		{E00FA79A-DB7D-4B77-894C-056F6519CA93}.Release|Any CPU.Build.0 = Release|Any CPU
	EndGlobalSection
	GlobalSection(SolutionProperties) = preSolution
		HideSolutionNode = FALSE
	EndGlobalSection
	GlobalSection(ExtensibilityGlobals) = postSolution
		SolutionGuid = {6FE2A84D-86D1-4CE2-9300-5735F784AD9D}
	EndGlobalSection
EndGlobal
